
Microsoft Visual Studio Solution File, Format Version 12.00
# Visual Studio Version 16
VisualStudioVersion = 16.0.31515.178
MinimumVisualStudioVersion = 10.0.40219.1
Project("{FAE04EC0-301F-11D3-BF4B-00C04F79EFBC}") = "ciphers_cs", "ciphers_cs.csproj", "{7671B1C3-AC49-4920-AFB4-BE7BA760ACDC}"
EndProject
Global
	GlobalSection(SolutionConfigurationPlatforms) = preSolution
		Debug|Any CPU = Debug|Any CPU
		Release|Any CPU = Release|Any CPU
	EndGlobalSection
	GlobalSection(ProjectConfigurationPlatforms) = postSolution
		{7671B1C3-AC49-4920-AFB4-BE7BA760ACDC}.Debug|Any CPU.ActiveCfg = Debug|Any CPU
		{7671B1C3-AC49-4920-AFB4-BE7BA760ACDC}.Debug|Any CPU.Build.0 = Debug|Any CPU
		{7671B1C3-AC49-4920-AFB4-BE7BA760ACDC}.Release|Any CPU.ActiveCfg = Release|Any CPU
		{7671B1C3-AC49-4920-AFB4-BE7BA760ACDC}.Release|Any CPU.Build.0 = Release|Any CPU
	EndGlobalSection
	GlobalSection(SolutionProperties) = preSolution
		HideSolutionNode = FALSE
	EndGlobalSection
	GlobalSection(ExtensibilityGlobals) = postSolution
		SolutionGuid = {F5D52DDC-B5A1-4457-899F-C1606A964D0F}
	EndGlobalSection
EndGlobal
